
Microsoft Visual Studio Solution File, Format Version 12.00
Project("{FAE04EC0-301F-11D3-BF4B-00C04F79EFBC}") = "DotNesJit.Cli", "DotNesJit.Cli\DotNesJit.Cli.csproj", "{8FEB9F57-1C65-4294-94C3-B606338F48A7}"
EndProject
Project("{FAE04EC0-301F-11D3-BF4B-00C04F79EFBC}") = "NESDecompiler.Core", "..\NESDecompiler\NESDecompiler.Core\NESDecompiler.Core.csproj", "{CEED24BE-5974-4A57-BB21-3454F26A6804}"
EndProject
Project("{FAE04EC0-301F-11D3-BF4B-00C04F79EFBC}") = "DotNesJit.Common", "DotNesJit.Common\DotNesJit.Common.csproj", "{F8C97719-B175-44D6-8EC5-DED527E2FA99}"
EndProject
Project("{FAE04EC0-301F-11D3-BF4B-00C04F79EFBC}") = "DotNesJit.Tests", "DotNesJit.Tests\DotNesJit.Tests.csproj", "{06812DA9-8B58-4BAA-992B-1601C965C201}"
EndProject
Global
	GlobalSection(SolutionConfigurationPlatforms) = preSolution
		Debug|Any CPU = Debug|Any CPU
		Release|Any CPU = Release|Any CPU
	EndGlobalSection
	GlobalSection(ProjectConfigurationPlatforms) = postSolution
		{8FEB9F57-1C65-4294-94C3-B606338F48A7}.Debug|Any CPU.ActiveCfg = Debug|Any CPU
		{8FEB9F57-1C65-4294-94C3-B606338F48A7}.Debug|Any CPU.Build.0 = Debug|Any CPU
		{8FEB9F57-1C65-4294-94C3-B606338F48A7}.Release|Any CPU.ActiveCfg = Release|Any CPU
		{8FEB9F57-1C65-4294-94C3-B606338F48A7}.Release|Any CPU.Build.0 = Release|Any CPU
		{CEED24BE-5974-4A57-BB21-3454F26A6804}.Debug|Any CPU.ActiveCfg = Debug|Any CPU
		{CEED24BE-5974-4A57-BB21-3454F26A6804}.Debug|Any CPU.Build.0 = Debug|Any CPU
		{CEED24BE-5974-4A57-BB21-3454F26A6804}.Release|Any CPU.ActiveCfg = Release|Any CPU
		{CEED24BE-5974-4A57-BB21-3454F26A6804}.Release|Any CPU.Build.0 = Release|Any CPU
		{F8C97719-B175-44D6-8EC5-DED527E2FA99}.Debug|Any CPU.ActiveCfg = Debug|Any CPU
		{F8C97719-B175-44D6-8EC5-DED527E2FA99}.Debug|Any CPU.Build.0 = Debug|Any CPU
		{F8C97719-B175-44D6-8EC5-DED527E2FA99}.Release|Any CPU.ActiveCfg = Release|Any CPU
		{F8C97719-B175-44D6-8EC5-DED527E2FA99}.Release|Any CPU.Build.0 = Release|Any CPU
		{06812DA9-8B58-4BAA-992B-1601C965C201}.Debug|Any CPU.ActiveCfg = Debug|Any CPU
		{06812DA9-8B58-4BAA-992B-1601C965C201}.Debug|Any CPU.Build.0 = Debug|Any CPU
		{06812DA9-8B58-4BAA-992B-1601C965C201}.Release|Any CPU.ActiveCfg = Release|Any CPU
		{06812DA9-8B58-4BAA-992B-1601C965C201}.Release|Any CPU.Build.0 = Release|Any CPU
	EndGlobalSection
EndGlobal
